
Microsoft Visual Studio Solution File, Format Version 12.00
# Visual Studio Version 16
VisualStudioVersion = 16.0.33927.289
MinimumVisualStudioVersion = 10.0.40219.1
Project("{2150E333-8FDC-42A3-9474-1A3956D46DE8}") = "Task0", "Task0", "{7162AB6A-BADC-4A95-A195-672F28202734}"
EndProject
Project("{FAE04EC0-301F-11D3-BF4B-00C04F79EFBC}") = "Tyuiu.DubrovinSN.Sprint4.Task0.V17", "Tyuiu.DubrovinSN.Sprint4.Task0.V17\Tyuiu.DubrovinSN.Sprint4.Task0.V17.csproj", "{7FBFD6FC-73BB-461C-A638-E2C36A548C13}"
EndProject
Project("{FAE04EC0-301F-11D3-BF4B-00C04F79EFBC}") = "Tyuiu.DubrovinSN.Sprint4.Task0.V17.Lib", "Tyuiu.DubrovinSN.Sprint4.Task0.V17.Lib\Tyuiu.DubrovinSN.Sprint4.Task0.V17.Lib.csproj", "{3AC0BEE3-E239-4FDD-9147-6DD8262F7042}"
EndProject
Project("{FAE04EC0-301F-11D3-BF4B-00C04F79EFBC}") = "Tyuiu.DubrovinSN.Sprint4.Task0.V17.Test", "Tyuiu.DubrovinSN.Sprint4.Task0.V17.Test\Tyuiu.DubrovinSN.Sprint4.Task0.V17.Test.csproj", "{9F93A549-E2D0-4599-8A44-E12B200CE641}"
EndProject
Global
	GlobalSection(SolutionConfigurationPlatforms) = preSolution
		Debug|Any CPU = Debug|Any CPU
		Release|Any CPU = Release|Any CPU
	EndGlobalSection
	GlobalSection(ProjectConfigurationPlatforms) = postSolution
		{7FBFD6FC-73BB-461C-A638-E2C36A548C13}.Debug|Any CPU.ActiveCfg = Debug|Any CPU
		{7FBFD6FC-73BB-461C-A638-E2C36A548C13}.Debug|Any CPU.Build.0 = Debug|Any CPU
		{7FBFD6FC-73BB-461C-A638-E2C36A548C13}.Release|Any CPU.ActiveCfg = Release|Any CPU
		{7FBFD6FC-73BB-461C-A638-E2C36A548C13}.Release|Any CPU.Build.0 = Release|Any CPU
		{3AC0BEE3-E239-4FDD-9147-6DD8262F7042}.Debug|Any CPU.ActiveCfg = Debug|Any CPU
		{3AC0BEE3-E239-4FDD-9147-6DD8262F7042}.Debug|Any CPU.Build.0 = Debug|Any CPU
		{3AC0BEE3-E239-4FDD-9147-6DD8262F7042}.Release|Any CPU.ActiveCfg = Release|Any CPU
		{3AC0BEE3-E239-4FDD-9147-6DD8262F7042}.Release|Any CPU.Build.0 = Release|Any CPU
		{9F93A549-E2D0-4599-8A44-E12B200CE641}.Debug|Any CPU.ActiveCfg = Debug|Any CPU
		{9F93A549-E2D0-4599-8A44-E12B200CE641}.Debug|Any CPU.Build.0 = Debug|Any CPU
		{9F93A549-E2D0-4599-8A44-E12B200CE641}.Release|Any CPU.ActiveCfg = Release|Any CPU
		{9F93A549-E2D0-4599-8A44-E12B200CE641}.Release|Any CPU.Build.0 = Release|Any CPU
	EndGlobalSection
	GlobalSection(SolutionProperties) = preSolution
		HideSolutionNode = FALSE
	EndGlobalSection
	GlobalSection(NestedProjects) = preSolution
		{7FBFD6FC-73BB-461C-A638-E2C36A548C13} = {7162AB6A-BADC-4A95-A195-672F28202734}
		{3AC0BEE3-E239-4FDD-9147-6DD8262F7042} = {7162AB6A-BADC-4A95-A195-672F28202734}
		{9F93A549-E2D0-4599-8A44-E12B200CE641} = {7162AB6A-BADC-4A95-A195-672F28202734}
	EndGlobalSection
	GlobalSection(ExtensibilityGlobals) = postSolution
		SolutionGuid = {BC17D234-B6D6-4EB9-8B03-95B099E04F0D}
	EndGlobalSection
EndGlobal
