
Microsoft Visual Studio Solution File, Format Version 12.00
# Visual Studio Version 16
VisualStudioVersion = 16.0.33927.289
MinimumVisualStudioVersion = 10.0.40219.1
Project("{2150E333-8FDC-42A3-9474-1A3956D46DE8}") = "Task0", "Task0", "{7162AB6A-BADC-4A95-A195-672F28202734}"
EndProject
Project("{FAE04EC0-301F-11D3-BF4B-00C04F79EFBC}") = "Tyuiu.DubrovinSN.Sprint4.Task0.V17", "Tyuiu.DubrovinSN.Sprint4.Task0.V17\Tyuiu.DubrovinSN.Sprint4.Task0.V17.csproj", "{7FBFD6FC-73BB-461C-A638-E2C36A548C13}"
EndProject
Project("{FAE04EC0-301F-11D3-BF4B-00C04F79EFBC}") = "Tyuiu.DubrovinSN.Sprint4.Task0.V17.Lib", "Tyuiu.DubrovinSN.Sprint4.Task0.V17.Lib\Tyuiu.DubrovinSN.Sprint4.Task0.V17.Lib.csproj", "{3AC0BEE3-E239-4FDD-9147-6DD8262F7042}"
EndProject
Project("{FAE04EC0-301F-11D3-BF4B-00C04F79EFBC}") = "Tyuiu.DubrovinSN.Sprint4.Task0.V17.Test", "Tyuiu.DubrovinSN.Sprint4.Task0.V17.Test\Tyuiu.DubrovinSN.Sprint4.Task0.V17.Test.csproj", "{9F93A549-E2D0-4599-8A44-E12B200CE641}"
EndProject
Project("{2150E333-8FDC-42A3-9474-1A3956D46DE8}") = "Task1", "Task1", "{B6CCE99F-84FD-4283-9441-5E79980071BB}"
EndProject
Project("{FAE04EC0-301F-11D3-BF4B-00C04F79EFBC}") = "Tyuiu.DubrovinSN.Sprint4.Task1.V15", "Tyuiu.DubrovinSN.Sprint4.Task1.V15\Tyuiu.DubrovinSN.Sprint4.Task1.V15.csproj", "{CBC84E2E-CA56-4923-BC86-0408E3608B54}"
EndProject
Project("{FAE04EC0-301F-11D3-BF4B-00C04F79EFBC}") = "Tyuiu.DubrovinSN.Sprint4.Task1.V15.Lib", "Tyuiu.DubrovinSN.Sprint4.Task1.V15.Lib\Tyuiu.DubrovinSN.Sprint4.Task1.V15.Lib.csproj", "{73AE2C63-4C10-4E95-A11D-185413AF2051}"
EndProject
Project("{FAE04EC0-301F-11D3-BF4B-00C04F79EFBC}") = "Tyuiu.DubrovinSN.Sprint4.Task1.V15.Test", "Tyuiu.DubrovinSN.Sprint4.Task1.V15.Test\Tyuiu.DubrovinSN.Sprint4.Task1.V15.Test.csproj", "{7160DFEA-9E11-480D-B6E7-195E35AE1466}"
EndProject
Project("{2150E333-8FDC-42A3-9474-1A3956D46DE8}") = "Task2", "Task2", "{C26FA3E6-0A3E-445A-B955-145A30B4FCF8}"
EndProject
Project("{FAE04EC0-301F-11D3-BF4B-00C04F79EFBC}") = "Tyuiu.DubrovinSN.Sprint4.Task2.V13", "Tyuiu.DubrovinSN.Sprint4.Task2.V13\Tyuiu.DubrovinSN.Sprint4.Task2.V13.csproj", "{F047CDDE-C419-4A28-8DBD-389F807348C2}"
EndProject
Project("{FAE04EC0-301F-11D3-BF4B-00C04F79EFBC}") = "Tyuiu.DubrovinSN.Sprint4.Task2.V13.Lib", "Tyuiu.DubrovinSN.Sprint4.Task2.V13.Lib\Tyuiu.DubrovinSN.Sprint4.Task2.V13.Lib.csproj", "{972E0511-0794-417F-BC24-28632D58C0D8}"
EndProject
Project("{FAE04EC0-301F-11D3-BF4B-00C04F79EFBC}") = "Tyuiu.DubrovinSN.Sprint4.Task2.V13.Test", "Tyuiu.DubrovinSN.Sprint4.Task2.V13.Test\Tyuiu.DubrovinSN.Sprint4.Task2.V13.Test.csproj", "{EC12FB39-67E8-441D-8EE5-B424D6796073}"
EndProject
Project("{2150E333-8FDC-42A3-9474-1A3956D46DE8}") = "Task3", "Task3", "{D277DBDF-6ECF-479C-8B15-CF63D1EC7FA6}"
EndProject
Project("{FAE04EC0-301F-11D3-BF4B-00C04F79EFBC}") = "Tyuiu.DubrovinSN.Sprint4.Task3.V21", "Tyuiu.DubrovinSN.Sprint4.Task3.V21\Tyuiu.DubrovinSN.Sprint4.Task3.V21.csproj", "{8008F1C1-1877-4447-B7D4-56A2A1F07C79}"
EndProject
Project("{FAE04EC0-301F-11D3-BF4B-00C04F79EFBC}") = "Tyuiu.DubrovinSN.Sprint4.Task3.V21.Lib", "Tyuiu.DubrovinSN.Sprint4.Task3.V21.Lib\Tyuiu.DubrovinSN.Sprint4.Task3.V21.Lib.csproj", "{C07670C0-5506-4B3A-B4B5-78E7C46788F4}"
EndProject
Project("{FAE04EC0-301F-11D3-BF4B-00C04F79EFBC}") = "Tyuiu.DubrovinSN.Sprint4.Task3.V21.Test", "Tyuiu.DubrovinSN.Sprint4.Task3.V21.Test\Tyuiu.DubrovinSN.Sprint4.Task3.V21.Test.csproj", "{278A160F-4E4E-44D6-8B69-50D548950351}"
EndProject
Project("{2150E333-8FDC-42A3-9474-1A3956D46DE8}") = "Task4", "Task4", "{A9C8B741-D9D2-45D8-B835-D5451C31BA34}"
EndProject
Project("{FAE04EC0-301F-11D3-BF4B-00C04F79EFBC}") = "Tyuiu.DubrovinSN.Sprint4.Task4.V2", "Tyuiu.DubrovinSN.Sprint4.Task4.V2\Tyuiu.DubrovinSN.Sprint4.Task4.V2.csproj", "{D6919F48-F687-4DDD-BC36-1FE8555E740D}"
EndProject
Project("{FAE04EC0-301F-11D3-BF4B-00C04F79EFBC}") = "Tyuiu.DubrovinSN.Sprint4.Task4.V2.Lib", "Tyuiu.DubrovinSN.Sprint4.Task4.V2.Lib\Tyuiu.DubrovinSN.Sprint4.Task4.V2.Lib.csproj", "{A8685B8D-D5BC-4B2C-BAAD-DDECA037691F}"
EndProject
Project("{FAE04EC0-301F-11D3-BF4B-00C04F79EFBC}") = "Tyuiu.DubrovinSN.Sprint4.Task4.V2.Test", "Tyuiu.DubrovinSN.Sprint4.Task4.V2.Test\Tyuiu.DubrovinSN.Sprint4.Task4.V2.Test.csproj", "{3BC9CDB1-77FC-4892-A1B1-6324978E881C}"
EndProject
Global
	GlobalSection(SolutionConfigurationPlatforms) = preSolution
		Debug|Any CPU = Debug|Any CPU
		Release|Any CPU = Release|Any CPU
	EndGlobalSection
	GlobalSection(ProjectConfigurationPlatforms) = postSolution
		{7FBFD6FC-73BB-461C-A638-E2C36A548C13}.Debug|Any CPU.ActiveCfg = Debug|Any CPU
		{7FBFD6FC-73BB-461C-A638-E2C36A548C13}.Debug|Any CPU.Build.0 = Debug|Any CPU
		{7FBFD6FC-73BB-461C-A638-E2C36A548C13}.Release|Any CPU.ActiveCfg = Release|Any CPU
		{7FBFD6FC-73BB-461C-A638-E2C36A548C13}.Release|Any CPU.Build.0 = Release|Any CPU
		{3AC0BEE3-E239-4FDD-9147-6DD8262F7042}.Debug|Any CPU.ActiveCfg = Debug|Any CPU
		{3AC0BEE3-E239-4FDD-9147-6DD8262F7042}.Debug|Any CPU.Build.0 = Debug|Any CPU
		{3AC0BEE3-E239-4FDD-9147-6DD8262F7042}.Release|Any CPU.ActiveCfg = Release|Any CPU
		{3AC0BEE3-E239-4FDD-9147-6DD8262F7042}.Release|Any CPU.Build.0 = Release|Any CPU
		{9F93A549-E2D0-4599-8A44-E12B200CE641}.Debug|Any CPU.ActiveCfg = Debug|Any CPU
		{9F93A549-E2D0-4599-8A44-E12B200CE641}.Debug|Any CPU.Build.0 = Debug|Any CPU
		{9F93A549-E2D0-4599-8A44-E12B200CE641}.Release|Any CPU.ActiveCfg = Release|Any CPU
		{9F93A549-E2D0-4599-8A44-E12B200CE641}.Release|Any CPU.Build.0 = Release|Any CPU
		{CBC84E2E-CA56-4923-BC86-0408E3608B54}.Debug|Any CPU.ActiveCfg = Debug|Any CPU
		{CBC84E2E-CA56-4923-BC86-0408E3608B54}.Debug|Any CPU.Build.0 = Debug|Any CPU
		{CBC84E2E-CA56-4923-BC86-0408E3608B54}.Release|Any CPU.ActiveCfg = Release|Any CPU
		{CBC84E2E-CA56-4923-BC86-0408E3608B54}.Release|Any CPU.Build.0 = Release|Any CPU
		{73AE2C63-4C10-4E95-A11D-185413AF2051}.Debug|Any CPU.ActiveCfg = Debug|Any CPU
		{73AE2C63-4C10-4E95-A11D-185413AF2051}.Debug|Any CPU.Build.0 = Debug|Any CPU
		{73AE2C63-4C10-4E95-A11D-185413AF2051}.Release|Any CPU.ActiveCfg = Release|Any CPU
		{73AE2C63-4C10-4E95-A11D-185413AF2051}.Release|Any CPU.Build.0 = Release|Any CPU
		{7160DFEA-9E11-480D-B6E7-195E35AE1466}.Debug|Any CPU.ActiveCfg = Debug|Any CPU
		{7160DFEA-9E11-480D-B6E7-195E35AE1466}.Debug|Any CPU.Build.0 = Debug|Any CPU
		{7160DFEA-9E11-480D-B6E7-195E35AE1466}.Release|Any CPU.ActiveCfg = Release|Any CPU
		{7160DFEA-9E11-480D-B6E7-195E35AE1466}.Release|Any CPU.Build.0 = Release|Any CPU
		{F047CDDE-C419-4A28-8DBD-389F807348C2}.Debug|Any CPU.ActiveCfg = Debug|Any CPU
		{F047CDDE-C419-4A28-8DBD-389F807348C2}.Debug|Any CPU.Build.0 = Debug|Any CPU
		{F047CDDE-C419-4A28-8DBD-389F807348C2}.Release|Any CPU.ActiveCfg = Release|Any CPU
		{F047CDDE-C419-4A28-8DBD-389F807348C2}.Release|Any CPU.Build.0 = Release|Any CPU
		{972E0511-0794-417F-BC24-28632D58C0D8}.Debug|Any CPU.ActiveCfg = Debug|Any CPU
		{972E0511-0794-417F-BC24-28632D58C0D8}.Debug|Any CPU.Build.0 = Debug|Any CPU
		{972E0511-0794-417F-BC24-28632D58C0D8}.Release|Any CPU.ActiveCfg = Release|Any CPU
		{972E0511-0794-417F-BC24-28632D58C0D8}.Release|Any CPU.Build.0 = Release|Any CPU
		{EC12FB39-67E8-441D-8EE5-B424D6796073}.Debug|Any CPU.ActiveCfg = Debug|Any CPU
		{EC12FB39-67E8-441D-8EE5-B424D6796073}.Debug|Any CPU.Build.0 = Debug|Any CPU
		{EC12FB39-67E8-441D-8EE5-B424D6796073}.Release|Any CPU.ActiveCfg = Release|Any CPU
		{EC12FB39-67E8-441D-8EE5-B424D6796073}.Release|Any CPU.Build.0 = Release|Any CPU
		{8008F1C1-1877-4447-B7D4-56A2A1F07C79}.Debug|Any CPU.ActiveCfg = Debug|Any CPU
		{8008F1C1-1877-4447-B7D4-56A2A1F07C79}.Debug|Any CPU.Build.0 = Debug|Any CPU
		{8008F1C1-1877-4447-B7D4-56A2A1F07C79}.Release|Any CPU.ActiveCfg = Release|Any CPU
		{8008F1C1-1877-4447-B7D4-56A2A1F07C79}.Release|Any CPU.Build.0 = Release|Any CPU
		{C07670C0-5506-4B3A-B4B5-78E7C46788F4}.Debug|Any CPU.ActiveCfg = Debug|Any CPU
		{C07670C0-5506-4B3A-B4B5-78E7C46788F4}.Debug|Any CPU.Build.0 = Debug|Any CPU
		{C07670C0-5506-4B3A-B4B5-78E7C46788F4}.Release|Any CPU.ActiveCfg = Release|Any CPU
		{C07670C0-5506-4B3A-B4B5-78E7C46788F4}.Release|Any CPU.Build.0 = Release|Any CPU
		{278A160F-4E4E-44D6-8B69-50D548950351}.Debug|Any CPU.ActiveCfg = Debug|Any CPU
		{278A160F-4E4E-44D6-8B69-50D548950351}.Debug|Any CPU.Build.0 = Debug|Any CPU
		{278A160F-4E4E-44D6-8B69-50D548950351}.Release|Any CPU.ActiveCfg = Release|Any CPU
		{278A160F-4E4E-44D6-8B69-50D548950351}.Release|Any CPU.Build.0 = Release|Any CPU
		{D6919F48-F687-4DDD-BC36-1FE8555E740D}.Debug|Any CPU.ActiveCfg = Debug|Any CPU
		{D6919F48-F687-4DDD-BC36-1FE8555E740D}.Debug|Any CPU.Build.0 = Debug|Any CPU
		{D6919F48-F687-4DDD-BC36-1FE8555E740D}.Release|Any CPU.ActiveCfg = Release|Any CPU
		{D6919F48-F687-4DDD-BC36-1FE8555E740D}.Release|Any CPU.Build.0 = Release|Any CPU
		{A8685B8D-D5BC-4B2C-BAAD-DDECA037691F}.Debug|Any CPU.ActiveCfg = Debug|Any CPU
		{A8685B8D-D5BC-4B2C-BAAD-DDECA037691F}.Debug|Any CPU.Build.0 = Debug|Any CPU
		{A8685B8D-D5BC-4B2C-BAAD-DDECA037691F}.Release|Any CPU.ActiveCfg = Release|Any CPU
		{A8685B8D-D5BC-4B2C-BAAD-DDECA037691F}.Release|Any CPU.Build.0 = Release|Any CPU
		{3BC9CDB1-77FC-4892-A1B1-6324978E881C}.Debug|Any CPU.ActiveCfg = Debug|Any CPU
		{3BC9CDB1-77FC-4892-A1B1-6324978E881C}.Debug|Any CPU.Build.0 = Debug|Any CPU
		{3BC9CDB1-77FC-4892-A1B1-6324978E881C}.Release|Any CPU.ActiveCfg = Release|Any CPU
		{3BC9CDB1-77FC-4892-A1B1-6324978E881C}.Release|Any CPU.Build.0 = Release|Any CPU
	EndGlobalSection
	GlobalSection(SolutionProperties) = preSolution
		HideSolutionNode = FALSE
	EndGlobalSection
	GlobalSection(NestedProjects) = preSolution
		{7FBFD6FC-73BB-461C-A638-E2C36A548C13} = {7162AB6A-BADC-4A95-A195-672F28202734}
		{3AC0BEE3-E239-4FDD-9147-6DD8262F7042} = {7162AB6A-BADC-4A95-A195-672F28202734}
		{9F93A549-E2D0-4599-8A44-E12B200CE641} = {7162AB6A-BADC-4A95-A195-672F28202734}
		{CBC84E2E-CA56-4923-BC86-0408E3608B54} = {B6CCE99F-84FD-4283-9441-5E79980071BB}
		{73AE2C63-4C10-4E95-A11D-185413AF2051} = {B6CCE99F-84FD-4283-9441-5E79980071BB}
		{7160DFEA-9E11-480D-B6E7-195E35AE1466} = {B6CCE99F-84FD-4283-9441-5E79980071BB}
		{F047CDDE-C419-4A28-8DBD-389F807348C2} = {C26FA3E6-0A3E-445A-B955-145A30B4FCF8}
		{972E0511-0794-417F-BC24-28632D58C0D8} = {C26FA3E6-0A3E-445A-B955-145A30B4FCF8}
		{EC12FB39-67E8-441D-8EE5-B424D6796073} = {C26FA3E6-0A3E-445A-B955-145A30B4FCF8}
		{8008F1C1-1877-4447-B7D4-56A2A1F07C79} = {D277DBDF-6ECF-479C-8B15-CF63D1EC7FA6}
		{C07670C0-5506-4B3A-B4B5-78E7C46788F4} = {D277DBDF-6ECF-479C-8B15-CF63D1EC7FA6}
		{278A160F-4E4E-44D6-8B69-50D548950351} = {D277DBDF-6ECF-479C-8B15-CF63D1EC7FA6}
		{D6919F48-F687-4DDD-BC36-1FE8555E740D} = {A9C8B741-D9D2-45D8-B835-D5451C31BA34}
		{A8685B8D-D5BC-4B2C-BAAD-DDECA037691F} = {A9C8B741-D9D2-45D8-B835-D5451C31BA34}
		{3BC9CDB1-77FC-4892-A1B1-6324978E881C} = {A9C8B741-D9D2-45D8-B835-D5451C31BA34}
	EndGlobalSection
	GlobalSection(ExtensibilityGlobals) = postSolution
		SolutionGuid = {BC17D234-B6D6-4EB9-8B03-95B099E04F0D}
	EndGlobalSection
EndGlobal
